
Microsoft Visual Studio Solution File, Format Version 12.00
Project("{FAE04EC0-301F-11D3-BF4B-00C04F79EFBC}") = "Ficha13", "Ficha13\Ficha13.csproj", "{446C56B4-4D6D-46EC-909C-C68ABF02CE9E}"
EndProject
Project("{FAE04EC0-301F-11D3-BF4B-00C04F79EFBC}") = "Ficha14", "Ficha14\Ficha14.csproj", "{3A04D50D-8D35-4EAD-A5BF-4408469033BE}"
EndProject
Global
	GlobalSection(SolutionConfigurationPlatforms) = preSolution
		Debug|Any CPU = Debug|Any CPU
		Release|Any CPU = Release|Any CPU
	EndGlobalSection
	GlobalSection(ProjectConfigurationPlatforms) = postSolution
		{446C56B4-4D6D-46EC-909C-C68ABF02CE9E}.Debug|Any CPU.ActiveCfg = Debug|Any CPU
		{446C56B4-4D6D-46EC-909C-C68ABF02CE9E}.Debug|Any CPU.Build.0 = Debug|Any CPU
		{446C56B4-4D6D-46EC-909C-C68ABF02CE9E}.Release|Any CPU.ActiveCfg = Release|Any CPU
		{446C56B4-4D6D-46EC-909C-C68ABF02CE9E}.Release|Any CPU.Build.0 = Release|Any CPU
		{3A04D50D-8D35-4EAD-A5BF-4408469033BE}.Debug|Any CPU.ActiveCfg = Debug|Any CPU
		{3A04D50D-8D35-4EAD-A5BF-4408469033BE}.Debug|Any CPU.Build.0 = Debug|Any CPU
		{3A04D50D-8D35-4EAD-A5BF-4408469033BE}.Release|Any CPU.ActiveCfg = Release|Any CPU
		{3A04D50D-8D35-4EAD-A5BF-4408469033BE}.Release|Any CPU.Build.0 = Release|Any CPU
	EndGlobalSection
EndGlobal
