
Microsoft Visual Studio Solution File, Format Version 12.00
# Visual Studio Version 17
VisualStudioVersion = 17.11.35312.102
MinimumVisualStudioVersion = 10.0.40219.1
Project("{9A19103F-16F7-4668-BE54-9A1E7A4F7556}") = "Ficha13", "Ficha13\Ficha13.csproj", "{446C56B4-4D6D-46EC-909C-C68ABF02CE9E}"
EndProject
Project("{9A19103F-16F7-4668-BE54-9A1E7A4F7556}") = "Ficha14", "Ficha14\Ficha14.csproj", "{3A04D50D-8D35-4EAD-A5BF-4408469033BE}"
EndProject
Project("{9A19103F-16F7-4668-BE54-9A1E7A4F7556}") = "Ficha15", "Ficha15\Ficha15.csproj", "{D2E0B8B7-8244-4CAF-9D3F-1D963B4A9790}"
EndProject
Project("{E24C65DC-7377-472B-9ABA-BC803B73C61A}") = "Ficha16", "Ficha16\", "{A7E5E08C-EEA9-4116-81DD-E5116BB4F760}"
	ProjectSection(WebsiteProperties) = preProject
		TargetFrameworkMoniker = ".NETFramework,Version%3Dv4.7.2"
		Debug.AspNetCompiler.VirtualPath = "/localhost_58287"
		Debug.AspNetCompiler.PhysicalPath = "Ficha16\"
		Debug.AspNetCompiler.TargetPath = "PrecompiledWeb\localhost_58287\"
		Debug.AspNetCompiler.Updateable = "true"
		Debug.AspNetCompiler.ForceOverwrite = "true"
		Debug.AspNetCompiler.FixedNames = "false"
		Debug.AspNetCompiler.Debug = "True"
		Release.AspNetCompiler.VirtualPath = "/localhost_58287"
		Release.AspNetCompiler.PhysicalPath = "Ficha16\"
		Release.AspNetCompiler.TargetPath = "PrecompiledWeb\localhost_58287\"
		Release.AspNetCompiler.Updateable = "true"
		Release.AspNetCompiler.ForceOverwrite = "true"
		Release.AspNetCompiler.FixedNames = "false"
		Release.AspNetCompiler.Debug = "False"
		VWDPort = "58287"
		SlnRelativePath = "Ficha16\"
		DefaultWebSiteLanguage = "Visual C#"
	EndProjectSection
EndProject
Global
	GlobalSection(SolutionConfigurationPlatforms) = preSolution
		Debug|Any CPU = Debug|Any CPU
		Release|Any CPU = Release|Any CPU
	EndGlobalSection
	GlobalSection(ProjectConfigurationPlatforms) = postSolution
		{446C56B4-4D6D-46EC-909C-C68ABF02CE9E}.Debug|Any CPU.ActiveCfg = Debug|Any CPU
		{446C56B4-4D6D-46EC-909C-C68ABF02CE9E}.Debug|Any CPU.Build.0 = Debug|Any CPU
		{446C56B4-4D6D-46EC-909C-C68ABF02CE9E}.Release|Any CPU.ActiveCfg = Release|Any CPU
		{446C56B4-4D6D-46EC-909C-C68ABF02CE9E}.Release|Any CPU.Build.0 = Release|Any CPU
		{3A04D50D-8D35-4EAD-A5BF-4408469033BE}.Debug|Any CPU.ActiveCfg = Debug|Any CPU
		{3A04D50D-8D35-4EAD-A5BF-4408469033BE}.Debug|Any CPU.Build.0 = Debug|Any CPU
		{3A04D50D-8D35-4EAD-A5BF-4408469033BE}.Release|Any CPU.ActiveCfg = Release|Any CPU
		{3A04D50D-8D35-4EAD-A5BF-4408469033BE}.Release|Any CPU.Build.0 = Release|Any CPU
		{D2E0B8B7-8244-4CAF-9D3F-1D963B4A9790}.Debug|Any CPU.ActiveCfg = Debug|Any CPU
		{D2E0B8B7-8244-4CAF-9D3F-1D963B4A9790}.Debug|Any CPU.Build.0 = Debug|Any CPU
		{D2E0B8B7-8244-4CAF-9D3F-1D963B4A9790}.Release|Any CPU.ActiveCfg = Release|Any CPU
		{D2E0B8B7-8244-4CAF-9D3F-1D963B4A9790}.Release|Any CPU.Build.0 = Release|Any CPU
		{A7E5E08C-EEA9-4116-81DD-E5116BB4F760}.Debug|Any CPU.ActiveCfg = Debug|Any CPU
		{A7E5E08C-EEA9-4116-81DD-E5116BB4F760}.Debug|Any CPU.Build.0 = Debug|Any CPU
		{A7E5E08C-EEA9-4116-81DD-E5116BB4F760}.Release|Any CPU.ActiveCfg = Debug|Any CPU
		{A7E5E08C-EEA9-4116-81DD-E5116BB4F760}.Release|Any CPU.Build.0 = Debug|Any CPU
	EndGlobalSection
	GlobalSection(SolutionProperties) = preSolution
		HideSolutionNode = FALSE
	EndGlobalSection
	GlobalSection(ExtensibilityGlobals) = postSolution
		SolutionGuid = {E5240DB4-C1F2-4F26-8DCE-122F79DB321E}
	EndGlobalSection
EndGlobal
